{
  "name": "flightcore",
  "lockfileVersion": 3,
  "requires": true,
  "packages": {
    "": {
      "name": "flightcore",
      "dependencies": {
        "@tauri-apps/api": "^1.5.1"
      },
      "devDependencies": {
        "@tauri-apps/cli": "^1.5.5"
      }
    },
    "node_modules/@tauri-apps/api": {
      "version": "1.5.1",
      "resolved": "https://registry.npmjs.org/@tauri-apps/api/-/api-1.5.1.tgz",
      "integrity": "sha512-6unsZDOdlXTmauU3NhWhn+Cx0rODV+rvNvTdvolE5Kls5ybA6cqndQENDt1+FS0tF7ozCP66jwWoH6a5h90BrA==",
      "engines": {
        "node": ">= 14.6.0",
        "npm": ">= 6.6.0",
        "yarn": ">= 1.19.1"
      },
      "funding": {
        "type": "opencollective",
        "url": "https://opencollective.com/tauri"
      }
    },
    "node_modules/@tauri-apps/cli": {
      "version": "1.5.5",
      "resolved": "https://registry.npmjs.org/@tauri-apps/cli/-/cli-1.5.5.tgz",
      "integrity": "sha512-AUFqiA5vbriMd6xWDLWwxzW2FtEhSmL0KcMktkQQGzM+QKFnFbQsubvvd95YDAIX2Q4L1eygGv7ebNX0QVA7sg==",
      "dev": true,
      "bin": {
        "tauri": "tauri.js"
      },
      "engines": {
        "node": ">= 10"
      },
      "funding": {
        "type": "opencollective",
        "url": "https://opencollective.com/tauri"
      },
      "optionalDependencies": {
        "@tauri-apps/cli-darwin-arm64": "1.5.5",
        "@tauri-apps/cli-darwin-x64": "1.5.5",
        "@tauri-apps/cli-linux-arm-gnueabihf": "1.5.5",
        "@tauri-apps/cli-linux-arm64-gnu": "1.5.5",
        "@tauri-apps/cli-linux-arm64-musl": "1.5.5",
        "@tauri-apps/cli-linux-x64-gnu": "1.5.5",
        "@tauri-apps/cli-linux-x64-musl": "1.5.5",
        "@tauri-apps/cli-win32-arm64-msvc": "1.5.5",
        "@tauri-apps/cli-win32-ia32-msvc": "1.5.5",
        "@tauri-apps/cli-win32-x64-msvc": "1.5.5"
      }
    },
    "node_modules/@tauri-apps/cli-darwin-arm64": {
      "version": "1.5.5",
      "resolved": "https://registry.npmjs.org/@tauri-apps/cli-darwin-arm64/-/cli-darwin-arm64-1.5.5.tgz",
      "integrity": "sha512-CmKc/PjlI1+oD88VtR1Nr0pmrf/cUU1XFRazU+FB9ChWO3ZPp4MeA+eSemiln0F1XJR9fMJw/QS58IPH4GydLw==",
      "cpu": [
        "arm64"
      ],
      "dev": true,
      "optional": true,
      "os": [
        "darwin"
      ],
      "engines": {
        "node": ">= 10"
      }
    },
    "node_modules/@tauri-apps/cli-darwin-x64": {
      "version": "1.5.5",
      "resolved": "https://registry.npmjs.org/@tauri-apps/cli-darwin-x64/-/cli-darwin-x64-1.5.5.tgz",
      "integrity": "sha512-d7l/4FB5uWGkMHM08UI6+qk45PAeBYMSC19l0Sz47WrRHQDMIX4V591ydnUg8AffWK/I3r1DJtQmd6C89g7JwQ==",
      "cpu": [
        "x64"
      ],
      "dev": true,
      "optional": true,
      "os": [
        "darwin"
      ],
      "engines": {
        "node": ">= 10"
      }
    },
    "node_modules/@tauri-apps/cli-linux-arm-gnueabihf": {
      "version": "1.5.5",
      "resolved": "https://registry.npmjs.org/@tauri-apps/cli-linux-arm-gnueabihf/-/cli-linux-arm-gnueabihf-1.5.5.tgz",
      "integrity": "sha512-avFw/BvW01qhXPbzfVPy/KU/FYJ/SUoCe9DP8oA/eSh49VzE9JvlH62iqjtGtA8XzxfTJRezXdCQbrq7OkQHKQ==",
      "cpu": [
        "arm"
      ],
      "dev": true,
      "optional": true,
      "os": [
        "linux"
      ],
      "engines": {
        "node": ">= 10"
      }
    },
    "node_modules/@tauri-apps/cli-linux-arm64-gnu": {
      "version": "1.5.5",
      "resolved": "https://registry.npmjs.org/@tauri-apps/cli-linux-arm64-gnu/-/cli-linux-arm64-gnu-1.5.5.tgz",
      "integrity": "sha512-j7yvbZ/IG+W5QtEqK9nSz33lJtaZEFvNnFs0Bxz8r2TjF80m8SdlfxL38R/OVl7xM7ctJWRyM6ws9mBWT0uHNA==",
      "cpu": [
        "arm64"
      ],
      "dev": true,
      "optional": true,
      "os": [
        "linux"
      ],
      "engines": {
        "node": ">= 10"
      }
    },
    "node_modules/@tauri-apps/cli-linux-arm64-musl": {
      "version": "1.5.5",
      "resolved": "https://registry.npmjs.org/@tauri-apps/cli-linux-arm64-musl/-/cli-linux-arm64-musl-1.5.5.tgz",
      "integrity": "sha512-neLu3FEYE2IixnqtX10+jsvkJx26kxmh5ekktzjolu5HqV73nquCj7VK/V5uyRMyMQeGEPyhbT09A36DUl+zDA==",
      "cpu": [
        "arm64"
      ],
      "dev": true,
      "optional": true,
      "os": [
        "linux"
      ],
      "engines": {
        "node": ">= 10"
      }
    },
    "node_modules/@tauri-apps/cli-linux-x64-gnu": {
      "version": "1.5.5",
      "resolved": "https://registry.npmjs.org/@tauri-apps/cli-linux-x64-gnu/-/cli-linux-x64-gnu-1.5.5.tgz",
      "integrity": "sha512-zZlfklupFaV6RxPze9kQytp1N/K4q/QuYUsgQ5GB/7/OX4EWTUkOpNCeVEocmHag4+9UCQkb1HxdTkXiEVcXEQ==",
      "cpu": [
        "x64"
      ],
      "dev": true,
      "optional": true,
      "os": [
        "linux"
      ],
      "engines": {
        "node": ">= 10"
      }
    },
    "node_modules/@tauri-apps/cli-linux-x64-musl": {
      "version": "1.5.5",
      "resolved": "https://registry.npmjs.org/@tauri-apps/cli-linux-x64-musl/-/cli-linux-x64-musl-1.5.5.tgz",
      "integrity": "sha512-2VByWblZnSgLZJyhRxggy528ahcYFH8jboZZ2BUaYT/P5WeJ1lOoQwQj9ssEUrGauGPNS3PmmfBCF7u5oaMRJA==",
      "cpu": [
        "x64"
      ],
      "dev": true,
      "optional": true,
      "os": [
        "linux"
      ],
      "engines": {
        "node": ">= 10"
      }
    },
    "node_modules/@tauri-apps/cli-win32-arm64-msvc": {
      "version": "1.5.5",
      "resolved": "https://registry.npmjs.org/@tauri-apps/cli-win32-arm64-msvc/-/cli-win32-arm64-msvc-1.5.5.tgz",
      "integrity": "sha512-4UZFHMIJaqgPGT+PHfDDp63OgJsXwLd+0u8x1+2hFMT25dEYj+KzKOVwktYgN6UT9F7rEyzNTTZe7ZZpAkGT5Q==",
      "cpu": [
        "arm64"
      ],
      "dev": true,
      "optional": true,
      "os": [
        "win32"
      ],
      "engines": {
        "node": ">= 10"
      }
    },
    "node_modules/@tauri-apps/cli-win32-ia32-msvc": {
      "version": "1.5.5",
      "resolved": "https://registry.npmjs.org/@tauri-apps/cli-win32-ia32-msvc/-/cli-win32-ia32-msvc-1.5.5.tgz",
      "integrity": "sha512-t4XbmMyDtX7kW+wQrlWO4tZus+w77w+Hz5/NBQsjRNnO3lbuYMYaF4IZpt0tZG6lQ0uyvH+o2v5dbZhUTpVT0Q==",
      "cpu": [
        "ia32"
      ],
      "dev": true,
      "optional": true,
      "os": [
        "win32"
      ],
      "engines": {
        "node": ">= 10"
      }
    },
    "node_modules/@tauri-apps/cli-win32-x64-msvc": {
      "version": "1.5.5",
      "resolved": "https://registry.npmjs.org/@tauri-apps/cli-win32-x64-msvc/-/cli-win32-x64-msvc-1.5.5.tgz",
      "integrity": "sha512-7OiUfBmYjQ9LGTvl0Zs567JQIQuxpTCDraca3cpJFV/6TsRLEZAvXo3sgqEFOJopImrCWTpUT4FyzsGC76KlIg==",
      "cpu": [
        "x64"
      ],
      "dev": true,
      "optional": true,
      "os": [
        "win32"
      ],
      "engines": {
        "node": ">= 10"
      }
    }
  }
}
