{
  "name": "flightcore",
  "lockfileVersion": 3,
  "requires": true,
  "packages": {
    "": {
      "name": "flightcore",
      "dependencies": {
        "@tauri-apps/api": "^2.0.0-rc.0",
        "@tauri-apps/plugin-dialog": "^2.0.0-rc.0",
        "@tauri-apps/plugin-shell": "^2.0.0-rc.0"
      },
      "devDependencies": {
        "@tauri-apps/cli": "^2.0.0-rc.2"
      }
    },
    "node_modules/@tauri-apps/api": {
      "version": "2.0.0-rc.0",
      "resolved": "https://registry.npmjs.org/@tauri-apps/api/-/api-2.0.0-rc.0.tgz",
      "integrity": "sha512-v454Qs3REHc3Za59U+/eSmBsdmF+3NE5+76+lFDaitVqN4ZglDHENDaMARYKGJVZuxiSkzyqG0SeG7lLQjVkPA==",
      "engines": {
        "node": ">= 18.18",
        "npm": ">= 6.6.0",
        "yarn": ">= 1.19.1"
      },
      "funding": {
        "type": "opencollective",
        "url": "https://opencollective.com/tauri"
      }
    },
    "node_modules/@tauri-apps/cli": {
      "version": "2.0.0-rc.2",
      "resolved": "https://registry.npmjs.org/@tauri-apps/cli/-/cli-2.0.0-rc.2.tgz",
      "integrity": "sha512-XBVQxMDRf8Xl1ccebKrAahmRL2TShcqWsQTa+/U40vnhOrObIIIXoTrEzmN0CUYc1nwvJtIpp+AoYocnmHOeqA==",
      "dev": true,
      "bin": {
        "tauri": "tauri.js"
      },
      "engines": {
        "node": ">= 10"
      },
      "funding": {
        "type": "opencollective",
        "url": "https://opencollective.com/tauri"
      },
      "optionalDependencies": {
        "@tauri-apps/cli-darwin-arm64": "2.0.0-rc.2",
        "@tauri-apps/cli-darwin-x64": "2.0.0-rc.2",
        "@tauri-apps/cli-linux-arm-gnueabihf": "2.0.0-rc.2",
        "@tauri-apps/cli-linux-arm64-gnu": "2.0.0-rc.2",
        "@tauri-apps/cli-linux-arm64-musl": "2.0.0-rc.2",
        "@tauri-apps/cli-linux-x64-gnu": "2.0.0-rc.2",
        "@tauri-apps/cli-linux-x64-musl": "2.0.0-rc.2",
        "@tauri-apps/cli-win32-arm64-msvc": "2.0.0-rc.2",
        "@tauri-apps/cli-win32-ia32-msvc": "2.0.0-rc.2",
        "@tauri-apps/cli-win32-x64-msvc": "2.0.0-rc.2"
      }
    },
    "node_modules/@tauri-apps/cli-darwin-arm64": {
      "version": "2.0.0-rc.2",
      "resolved": "https://registry.npmjs.org/@tauri-apps/cli-darwin-arm64/-/cli-darwin-arm64-2.0.0-rc.2.tgz",
      "integrity": "sha512-ocZP+mLsLrObq1FVi2TTtIEjR4YLRH8VTCq3PpnJq444rNCLu55IJE9u22E1owQAocByyXnGfUHEgBEmGpFo8Q==",
      "cpu": [
        "arm64"
      ],
      "dev": true,
      "optional": true,
      "os": [
        "darwin"
      ],
      "engines": {
        "node": ">= 10"
      }
    },
    "node_modules/@tauri-apps/cli-darwin-x64": {
      "version": "2.0.0-rc.2",
      "resolved": "https://registry.npmjs.org/@tauri-apps/cli-darwin-x64/-/cli-darwin-x64-2.0.0-rc.2.tgz",
      "integrity": "sha512-UzYhsFnb/UYo5kfG29AdOM4PD3HQHC35uvas5uBuKebaF2dP0vkgy/50KamqXd2s/VoXf0Wmt/UCuF2mjEWojw==",
      "cpu": [
        "x64"
      ],
      "dev": true,
      "optional": true,
      "os": [
        "darwin"
      ],
      "engines": {
        "node": ">= 10"
      }
    },
    "node_modules/@tauri-apps/cli-linux-arm-gnueabihf": {
      "version": "2.0.0-rc.2",
      "resolved": "https://registry.npmjs.org/@tauri-apps/cli-linux-arm-gnueabihf/-/cli-linux-arm-gnueabihf-2.0.0-rc.2.tgz",
      "integrity": "sha512-szxDAa2QRk0RG6UGmAispi/YvkHWP3TXsL7CH1wku290RBxTlYw9lByl/B07EaAkSnSsYuebEf3yCelp0L/upw==",
      "cpu": [
        "arm"
      ],
      "dev": true,
      "optional": true,
      "os": [
        "linux"
      ],
      "engines": {
        "node": ">= 10"
      }
    },
    "node_modules/@tauri-apps/cli-linux-arm64-gnu": {
      "version": "2.0.0-rc.2",
      "resolved": "https://registry.npmjs.org/@tauri-apps/cli-linux-arm64-gnu/-/cli-linux-arm64-gnu-2.0.0-rc.2.tgz",
      "integrity": "sha512-JkB38D/AfhI60c3w1e/Q8wrWyVZMpdoLQ+66SKZrOVICzBjYehyfuMi+uw4ild23Hr9Ap+8tZPu5lb9iU7PF7A==",
      "cpu": [
        "arm64"
      ],
      "dev": true,
      "optional": true,
      "os": [
        "linux"
      ],
      "engines": {
        "node": ">= 10"
      }
    },
    "node_modules/@tauri-apps/cli-linux-arm64-musl": {
      "version": "2.0.0-rc.2",
      "resolved": "https://registry.npmjs.org/@tauri-apps/cli-linux-arm64-musl/-/cli-linux-arm64-musl-2.0.0-rc.2.tgz",
      "integrity": "sha512-BDCDHcZY02vXuRAA0EdPADGqSuw/ox9RcEPveKfGPnlL5tulsbA8RgADL2X3gsnPTcewv5wX3YQ7dono72OcxA==",
      "cpu": [
        "arm64"
      ],
      "dev": true,
      "optional": true,
      "os": [
        "linux"
      ],
      "engines": {
        "node": ">= 10"
      }
    },
    "node_modules/@tauri-apps/cli-linux-x64-gnu": {
      "version": "2.0.0-rc.2",
      "resolved": "https://registry.npmjs.org/@tauri-apps/cli-linux-x64-gnu/-/cli-linux-x64-gnu-2.0.0-rc.2.tgz",
      "integrity": "sha512-O0nlL+T626+S4OJ2QDIHd/OK3XrpVjm4ZU9ovzWFxAI5twsm0MMs4v0G/qeoZpzndeNkqJQ1Vt/ewiEzatMVmw==",
      "cpu": [
        "x64"
      ],
      "dev": true,
      "optional": true,
      "os": [
        "linux"
      ],
      "engines": {
        "node": ">= 10"
      }
    },
    "node_modules/@tauri-apps/cli-linux-x64-musl": {
      "version": "2.0.0-rc.2",
      "resolved": "https://registry.npmjs.org/@tauri-apps/cli-linux-x64-musl/-/cli-linux-x64-musl-2.0.0-rc.2.tgz",
      "integrity": "sha512-cuOV1+lEHmbRFODfik9CwV0bEKZW0lC+vic46ULV6Wb89PCU5AWCJHdhxi2uAhV0sK0FL92tvIJk81swviOmng==",
      "cpu": [
        "x64"
      ],
      "dev": true,
      "optional": true,
      "os": [
        "linux"
      ],
      "engines": {
        "node": ">= 10"
      }
    },
    "node_modules/@tauri-apps/cli-win32-arm64-msvc": {
      "version": "2.0.0-rc.2",
      "resolved": "https://registry.npmjs.org/@tauri-apps/cli-win32-arm64-msvc/-/cli-win32-arm64-msvc-2.0.0-rc.2.tgz",
      "integrity": "sha512-RcpRJXKVSq1zkuSBCUIKHwJFKTROMiM1vRxYBc3+b6LeX9HJc5Hln4w+qe20Brdo7myi2nUPyNJHMlD18O1lPw==",
      "cpu": [
        "arm64"
      ],
      "dev": true,
      "optional": true,
      "os": [
        "win32"
      ],
      "engines": {
        "node": ">= 10"
      }
    },
    "node_modules/@tauri-apps/cli-win32-ia32-msvc": {
      "version": "2.0.0-rc.2",
      "resolved": "https://registry.npmjs.org/@tauri-apps/cli-win32-ia32-msvc/-/cli-win32-ia32-msvc-2.0.0-rc.2.tgz",
      "integrity": "sha512-QvZo+pABn0ONuqDqJ+R1CPs30P2/VwNauY1h6LAz+Zf/O+f94rWEGRiBReWZTuzqElttnELDA3Qc1Y/8DtRi0Q==",
      "cpu": [
        "ia32"
      ],
      "dev": true,
      "optional": true,
      "os": [
        "win32"
      ],
      "engines": {
        "node": ">= 10"
      }
    },
    "node_modules/@tauri-apps/cli-win32-x64-msvc": {
      "version": "2.0.0-rc.2",
      "resolved": "https://registry.npmjs.org/@tauri-apps/cli-win32-x64-msvc/-/cli-win32-x64-msvc-2.0.0-rc.2.tgz",
      "integrity": "sha512-UZzN5jCDTFNkq22owSDeoT700Fo6kmyBKzj7GCB7ZwUun2eYe7JDAi21E67i/GIMGI0kYN+vyUhaDL6xYAHvqA==",
      "cpu": [
        "x64"
      ],
      "dev": true,
      "optional": true,
      "os": [
        "win32"
      ],
      "engines": {
        "node": ">= 10"
      }
    },
    "node_modules/@tauri-apps/plugin-dialog": {
      "version": "2.0.0-rc.0",
      "resolved": "https://registry.npmjs.org/@tauri-apps/plugin-dialog/-/plugin-dialog-2.0.0-rc.0.tgz",
      "integrity": "sha512-DPOXYe8SQ6Radk/67EOdaomlxL7oF99JO/ZUaPp1IBEs3Wro7lhlz63CfdKIBfKIZTLJLzP1R7/EiPL/GTA3Bg==",
      "dependencies": {
        "@tauri-apps/api": "^2.0.0-rc.0"
      }
    },
    "node_modules/@tauri-apps/plugin-shell": {
      "version": "2.0.0-rc.0",
      "resolved": "https://registry.npmjs.org/@tauri-apps/plugin-shell/-/plugin-shell-2.0.0-rc.0.tgz",
      "integrity": "sha512-bhUcQcrqZoK8H1DFXapr5r1Z75oh6Kd5Tltz97XpZFLREEqp+KhN2Fvyh8r/fKAyenYsTYUIsDsyGdjdueuF9g==",
      "dependencies": {
        "@tauri-apps/api": "^2.0.0-rc.0"
      }
    }
  }
}
